// !$*UTF8*$!
{
	archiveVersion = 1;
	classes = {
	};
	objectVersion = 50;
	objects = {

/* Begin PBXBuildFile section */
		0310D7E220D9818D0068E772 /* Item.swift in Sources */ = {isa = PBXBuildFile; fileRef = 0310D7E120D9818D0068E772 /* Item.swift */; };
		0310D7E420D981980068E772 /* Category.swift in Sources */ = {isa = PBXBuildFile; fileRef = 0310D7E320D981980068E772 /* Category.swift */; };
		036C9F8A20D76D5C00D9F71B /* CategoryTableViewController.swift in Sources */ = {isa = PBXBuildFile; fileRef = 036C9F8920D76D5C00D9F71B /* CategoryTableViewController.swift */; };
		038FFC3120D4235400E1BF62 /* AppDelegate.swift in Sources */ = {isa = PBXBuildFile; fileRef = 038FFC3020D4235400E1BF62 /* AppDelegate.swift */; };
		038FFC3320D4235400E1BF62 /* TodoListViewController.swift in Sources */ = {isa = PBXBuildFile; fileRef = 038FFC3220D4235400E1BF62 /* TodoListViewController.swift */; };
		038FFC3620D4235400E1BF62 /* Main.storyboard in Resources */ = {isa = PBXBuildFile; fileRef = 038FFC3420D4235400E1BF62 /* Main.storyboard */; };
		038FFC3820D4235500E1BF62 /* Assets.xcassets in Resources */ = {isa = PBXBuildFile; fileRef = 038FFC3720D4235500E1BF62 /* Assets.xcassets */; };
		038FFC3B20D4235500E1BF62 /* LaunchScreen.storyboard in Resources */ = {isa = PBXBuildFile; fileRef = 038FFC3920D4235500E1BF62 /* LaunchScreen.storyboard */; };
		253B43B099ABEDDC3106850C /* Pods_Todoey.framework in Frameworks */ = {isa = PBXBuildFile; fileRef = C2AA57A5DED07DBEA40FD8D7 /* Pods_Todoey.framework */; };
/* End PBXBuildFile section */

/* Begin PBXFileReference section */
		0310D7E120D9818D0068E772 /* Item.swift */ = {isa = PBXFileReference; lastKnownFileType = sourcecode.swift; path = Item.swift; sourceTree = "<group>"; };
		0310D7E320D981980068E772 /* Category.swift */ = {isa = PBXFileReference; lastKnownFileType = sourcecode.swift; path = Category.swift; sourceTree = "<group>"; };
		036C9F8920D76D5C00D9F71B /* CategoryTableViewController.swift */ = {isa = PBXFileReference; lastKnownFileType = sourcecode.swift; path = CategoryTableViewController.swift; sourceTree = "<group>"; };
		038FFC2D20D4235400E1BF62 /* Todoey.app */ = {isa = PBXFileReference; explicitFileType = wrapper.application; includeInIndex = 0; path = Todoey.app; sourceTree = BUILT_PRODUCTS_DIR; };
		038FFC3020D4235400E1BF62 /* AppDelegate.swift */ = {isa = PBXFileReference; lastKnownFileType = sourcecode.swift; path = AppDelegate.swift; sourceTree = "<group>"; };
		038FFC3220D4235400E1BF62 /* TodoListViewController.swift */ = {isa = PBXFileReference; lastKnownFileType = sourcecode.swift; path = TodoListViewController.swift; sourceTree = "<group>"; };
		038FFC3520D4235400E1BF62 /* Base */ = {isa = PBXFileReference; lastKnownFileType = file.storyboard; name = Base; path = Base.lproj/Main.storyboard; sourceTree = "<group>"; };
		038FFC3720D4235500E1BF62 /* Assets.xcassets */ = {isa = PBXFileReference; lastKnownFileType = folder.assetcatalog; path = Assets.xcassets; sourceTree = "<group>"; };
		038FFC3A20D4235500E1BF62 /* Base */ = {isa = PBXFileReference; lastKnownFileType = file.storyboard; name = Base; path = Base.lproj/LaunchScreen.storyboard; sourceTree = "<group>"; };
		038FFC3C20D4235500E1BF62 /* Info.plist */ = {isa = PBXFileReference; lastKnownFileType = text.plist.xml; path = Info.plist; sourceTree = "<group>"; };
		1E7A0894D3383CA88CA66E49 /* Pods-Todoey.debug.xcconfig */ = {isa = PBXFileReference; includeInIndex = 1; lastKnownFileType = text.xcconfig; name = "Pods-Todoey.debug.xcconfig"; path = "Pods/Target Support Files/Pods-Todoey/Pods-Todoey.debug.xcconfig"; sourceTree = "<group>"; };
		4E38F761055191A9EBB398C4 /* Pods-Todoey.release.xcconfig */ = {isa = PBXFileReference; includeInIndex = 1; lastKnownFileType = text.xcconfig; name = "Pods-Todoey.release.xcconfig"; path = "Pods/Target Support Files/Pods-Todoey/Pods-Todoey.release.xcconfig"; sourceTree = "<group>"; };
		C2AA57A5DED07DBEA40FD8D7 /* Pods_Todoey.framework */ = {isa = PBXFileReference; explicitFileType = wrapper.framework; includeInIndex = 0; path = Pods_Todoey.framework; sourceTree = BUILT_PRODUCTS_DIR; };
/* End PBXFileReference section */

/* Begin PBXFrameworksBuildPhase section */
		038FFC2A20D4235400E1BF62 /* Frameworks */ = {
			isa = PBXFrameworksBuildPhase;
			buildActionMask = 2147483647;
			files = (
				253B43B099ABEDDC3106850C /* Pods_Todoey.framework in Frameworks */,
			);
			runOnlyForDeploymentPostprocessing = 0;
		};
/* End PBXFrameworksBuildPhase section */

/* Begin PBXGroup section */
		038FFC2420D4235400E1BF62 = {
			isa = PBXGroup;
			children = (
				038FFC2F20D4235400E1BF62 /* Todoey */,
				038FFC2E20D4235400E1BF62 /* Products */,
				E6B5873EE1AB4EAE385BDAE4 /* Pods */,
				B984CE7077255D7129B430D6 /* Frameworks */,
			);
			sourceTree = "<group>";
		};
		038FFC2E20D4235400E1BF62 /* Products */ = {
			isa = PBXGroup;
			children = (
				038FFC2D20D4235400E1BF62 /* Todoey.app */,
			);
			name = Products;
			sourceTree = "<group>";
		};
		038FFC2F20D4235400E1BF62 /* Todoey */ = {
			isa = PBXGroup;
			children = (
				038FFC3020D4235400E1BF62 /* AppDelegate.swift */,
				038FFC4820D4D96000E1BF62 /* Controllers */,
				038FFC4620D4D93400E1BF62 /* Data Model */,
				038FFC4720D4D95000E1BF62 /* View */,
				038FFC4920D4D97400E1BF62 /* Supporting Files */,
				038FFC3C20D4235500E1BF62 /* Info.plist */,
			);
			path = Todoey;
			sourceTree = "<group>";
		};
		038FFC4620D4D93400E1BF62 /* Data Model */ = {
			isa = PBXGroup;
			children = (
				0310D7E320D981980068E772 /* Category.swift */,
				0310D7E120D9818D0068E772 /* Item.swift */,
			);
			path = "Data Model";
			sourceTree = "<group>";
		};
		038FFC4720D4D95000E1BF62 /* View */ = {
			isa = PBXGroup;
			children = (
				038FFC3420D4235400E1BF62 /* Main.storyboard */,
			);
			path = View;
			sourceTree = "<group>";
		};
		038FFC4820D4D96000E1BF62 /* Controllers */ = {
			isa = PBXGroup;
			children = (
				036C9F8920D76D5C00D9F71B /* CategoryTableViewController.swift */,
				038FFC3220D4235400E1BF62 /* TodoListViewController.swift */,
			);
			path = Controllers;
			sourceTree = "<group>";
		};
		038FFC4920D4D97400E1BF62 /* Supporting Files */ = {
			isa = PBXGroup;
			children = (
				038FFC3720D4235500E1BF62 /* Assets.xcassets */,
				038FFC3920D4235500E1BF62 /* LaunchScreen.storyboard */,
			);
			path = "Supporting Files";
			sourceTree = "<group>";
		};
		B984CE7077255D7129B430D6 /* Frameworks */ = {
			isa = PBXGroup;
			children = (
				C2AA57A5DED07DBEA40FD8D7 /* Pods_Todoey.framework */,
			);
			name = Frameworks;
			sourceTree = "<group>";
		};
		E6B5873EE1AB4EAE385BDAE4 /* Pods */ = {
			isa = PBXGroup;
			children = (
				1E7A0894D3383CA88CA66E49 /* Pods-Todoey.debug.xcconfig */,
				4E38F761055191A9EBB398C4 /* Pods-Todoey.release.xcconfig */,
			);
			name = Pods;
			sourceTree = "<group>";
		};
/* End PBXGroup section */

/* Begin PBXNativeTarget section */
		038FFC2C20D4235400E1BF62 /* Todoey */ = {
			isa = PBXNativeTarget;
			buildConfigurationList = 038FFC3F20D4235500E1BF62 /* Build configuration list for PBXNativeTarget "Todoey" */;
			buildPhases = (
				C0AE58C7E6D21E9BE7224938 /* [CP] Check Pods Manifest.lock */,
				038FFC2920D4235400E1BF62 /* Sources */,
				038FFC2A20D4235400E1BF62 /* Frameworks */,
				038FFC2B20D4235400E1BF62 /* Resources */,
				D1B45F21DE55FC8809AB168C /* [CP] Embed Pods Frameworks */,
			);
			buildRules = (
			);
			dependencies = (
			);
			name = Todoey;
			productName = Todoey;
			productReference = 038FFC2D20D4235400E1BF62 /* Todoey.app */;
			productType = "com.apple.product-type.application";
		};
/* End PBXNativeTarget section */

/* Begin PBXProject section */
		038FFC2520D4235400E1BF62 /* Project object */ = {
			isa = PBXProject;
			attributes = {
				LastSwiftUpdateCheck = 0940;
				LastUpgradeCheck = 0940;
				ORGANIZATIONNAME = "Josh Davis";
				TargetAttributes = {
					038FFC2C20D4235400E1BF62 = {
						CreatedOnToolsVersion = 9.4;
					};
				};
			};
			buildConfigurationList = 038FFC2820D4235400E1BF62 /* Build configuration list for PBXProject "Todoey" */;
			compatibilityVersion = "Xcode 9.3";
			developmentRegion = en;
			hasScannedForEncodings = 0;
			knownRegions = (
				en,
				Base,
			);
			mainGroup = 038FFC2420D4235400E1BF62;
			productRefGroup = 038FFC2E20D4235400E1BF62 /* Products */;
			projectDirPath = "";
			projectRoot = "";
			targets = (
				038FFC2C20D4235400E1BF62 /* Todoey */,
			);
		};
/* End PBXProject section */

/* Begin PBXResourcesBuildPhase section */
		038FFC2B20D4235400E1BF62 /* Resources */ = {
			isa = PBXResourcesBuildPhase;
			buildActionMask = 2147483647;
			files = (
				038FFC3B20D4235500E1BF62 /* LaunchScreen.storyboard in Resources */,
				038FFC3820D4235500E1BF62 /* Assets.xcassets in Resources */,
				038FFC3620D4235400E1BF62 /* Main.storyboard in Resources */,
			);
			runOnlyForDeploymentPostprocessing = 0;
		};
/* End PBXResourcesBuildPhase section */

/* Begin PBXShellScriptBuildPhase section */
		C0AE58C7E6D21E9BE7224938 /* [CP] Check Pods Manifest.lock */ = {
			isa = PBXShellScriptBuildPhase;
			buildActionMask = 2147483647;
			files = (
			);
			inputPaths = (
				"${PODS_PODFILE_DIR_PATH}/Podfile.lock",
				"${PODS_ROOT}/Manifest.lock",
			);
			name = "[CP] Check Pods Manifest.lock";
			outputPaths = (
				"$(DERIVED_FILE_DIR)/Pods-Todoey-checkManifestLockResult.txt",
			);
			runOnlyForDeploymentPostprocessing = 0;
			shellPath = /bin/sh;
			shellScript = "diff \"${PODS_PODFILE_DIR_PATH}/Podfile.lock\" \"${PODS_ROOT}/Manifest.lock\" > /dev/null\nif [ $? != 0 ] ; then\n    # print error to STDERR\n    echo \"error: The sandbox is not in sync with the Podfile.lock. Run 'pod install' or update your CocoaPods installation.\" >&2\n    exit 1\nfi\n# This output is used by Xcode 'outputs' to avoid re-running this script phase.\necho \"SUCCESS\" > \"${SCRIPT_OUTPUT_FILE_0}\"\n";
			showEnvVarsInLog = 0;
		};
		D1B45F21DE55FC8809AB168C /* [CP] Embed Pods Frameworks */ = {
			isa = PBXShellScriptBuildPhase;
			buildActionMask = 2147483647;
			files = (
			);
			inputPaths = (
				"${SRCROOT}/Pods/Target Support Files/Pods-Todoey/Pods-Todoey-frameworks.sh",
				"${BUILT_PRODUCTS_DIR}/Realm/Realm.framework",
				"${BUILT_PRODUCTS_DIR}/RealmSwift/RealmSwift.framework",
				"${BUILT_PRODUCTS_DIR}/SwipeCellKit/SwipeCellKit.framework",
			);
			name = "[CP] Embed Pods Frameworks";
			outputPaths = (
				"${TARGET_BUILD_DIR}/${FRAMEWORKS_FOLDER_PATH}/Realm.framework",
				"${TARGET_BUILD_DIR}/${FRAMEWORKS_FOLDER_PATH}/RealmSwift.framework",
				"${TARGET_BUILD_DIR}/${FRAMEWORKS_FOLDER_PATH}/SwipeCellKit.framework",
			);
			runOnlyForDeploymentPostprocessing = 0;
			shellPath = /bin/sh;
			shellScript = "\"${SRCROOT}/Pods/Target Support Files/Pods-Todoey/Pods-Todoey-frameworks.sh\"\n";
			showEnvVarsInLog = 0;
		};
/* End PBXShellScriptBuildPhase section */

/* Begin PBXSourcesBuildPhase section */
		038FFC2920D4235400E1BF62 /* Sources */ = {
			isa = PBXSourcesBuildPhase;
			buildActionMask = 2147483647;
			files = (
				0310D7E220D9818D0068E772 /* Item.swift in Sources */,
				038FFC3320D4235400E1BF62 /* TodoListViewController.swift in Sources */,
				038FFC3120D4235400E1BF62 /* AppDelegate.swift in Sources */,
				036C9F8A20D76D5C00D9F71B /* CategoryTableViewController.swift in Sources */,
				0310D7E420D981980068E772 /* Category.swift in Sources */,
			);
			runOnlyForDeploymentPostprocessing = 0;
		};
/* End PBXSourcesBuildPhase section */

/* Begin PBXVariantGroup section */
		038FFC3420D4235400E1BF62 /* Main.storyboard */ = {
			isa = PBXVariantGroup;
			children = (
				038FFC3520D4235400E1BF62 /* Base */,
			);
			name = Main.storyboard;
			sourceTree = "<group>";
		};
		038FFC3920D4235500E1BF62 /* LaunchScreen.storyboard */ = {
			isa = PBXVariantGroup;
			children = (
				038FFC3A20D4235500E1BF62 /* Base */,
			);
			name = LaunchScreen.storyboard;
			sourceTree = "<group>";
		};
/* End PBXVariantGroup section */

/* Begin XCBuildConfiguration section */
		038FFC3D20D4235500E1BF62 /* Debug */ = {
			isa = XCBuildConfiguration;
			buildSettings = {
				ALWAYS_SEARCH_USER_PATHS = NO;
				CLANG_ANALYZER_NONNULL = YES;
				CLANG_ANALYZER_NUMBER_OBJECT_CONVERSION = YES_AGGRESSIVE;
				CLANG_CXX_LANGUAGE_STANDARD = "gnu++14";
				CLANG_CXX_LIBRARY = "libc++";
				CLANG_ENABLE_MODULES = YES;
				CLANG_ENABLE_OBJC_ARC = YES;
				CLANG_ENABLE_OBJC_WEAK = YES;
				CLANG_WARN_BLOCK_CAPTURE_AUTORELEASING = YES;
				CLANG_WARN_BOOL_CONVERSION = YES;
				CLANG_WARN_COMMA = YES;
				CLANG_WARN_CONSTANT_CONVERSION = YES;
				CLANG_WARN_DEPRECATED_OBJC_IMPLEMENTATIONS = YES;
				CLANG_WARN_DIRECT_OBJC_ISA_USAGE = YES_ERROR;
				CLANG_WARN_DOCUMENTATION_COMMENTS = YES;
				CLANG_WARN_EMPTY_BODY = YES;
				CLANG_WARN_ENUM_CONVERSION = YES;
				CLANG_WARN_INFINITE_RECURSION = YES;
				CLANG_WARN_INT_CONVERSION = YES;
				CLANG_WARN_NON_LITERAL_NULL_CONVERSION = YES;
				CLANG_WARN_OBJC_IMPLICIT_RETAIN_SELF = YES;
				CLANG_WARN_OBJC_LITERAL_CONVERSION = YES;
				CLANG_WARN_OBJC_ROOT_CLASS = YES_ERROR;
				CLANG_WARN_RANGE_LOOP_ANALYSIS = YES;
				CLANG_WARN_STRICT_PROTOTYPES = YES;
				CLANG_WARN_SUSPICIOUS_MOVE = YES;
				CLANG_WARN_UNGUARDED_AVAILABILITY = YES_AGGRESSIVE;
				CLANG_WARN_UNREACHABLE_CODE = YES;
				CLANG_WARN__DUPLICATE_METHOD_MATCH = YES;
				CODE_SIGN_IDENTITY = "iPhone Developer";
				COPY_PHASE_STRIP = NO;
				DEBUG_INFORMATION_FORMAT = dwarf;
				ENABLE_STRICT_OBJC_MSGSEND = YES;
				ENABLE_TESTABILITY = YES;
				GCC_C_LANGUAGE_STANDARD = gnu11;
				GCC_DYNAMIC_NO_PIC = NO;
				GCC_NO_COMMON_BLOCKS = YES;
				GCC_OPTIMIZATION_LEVEL = 0;
				GCC_PREPROCESSOR_DEFINITIONS = (
					"DEBUG=1",
					"$(inherited)",
				);
				GCC_WARN_64_TO_32_BIT_CONVERSION = YES;
				GCC_WARN_ABOUT_RETURN_TYPE = YES_ERROR;
				GCC_WARN_UNDECLARED_SELECTOR = YES;
				GCC_WARN_UNINITIALIZED_AUTOS = YES_AGGRESSIVE;
				GCC_WARN_UNUSED_FUNCTION = YES;
				GCC_WARN_UNUSED_VARIABLE = YES;
				IPHONEOS_DEPLOYMENT_TARGET = 11.4;
				MTL_ENABLE_DEBUG_INFO = YES;
				ONLY_ACTIVE_ARCH = YES;
				SDKROOT = iphoneos;
				SWIFT_ACTIVE_COMPILATION_CONDITIONS = DEBUG;
				SWIFT_OPTIMIZATION_LEVEL = "-Onone";
			};
			name = Debug;
		};
		038FFC3E20D4235500E1BF62 /* Release */ = {
			isa = XCBuildConfiguration;
			buildSettings = {
				ALWAYS_SEARCH_USER_PATHS = NO;
				CLANG_ANALYZER_NONNULL = YES;
				CLANG_ANALYZER_NUMBER_OBJECT_CONVERSION = YES_AGGRESSIVE;
				CLANG_CXX_LANGUAGE_STANDARD = "gnu++14";
				CLANG_CXX_LIBRARY = "libc++";
				CLANG_ENABLE_MODULES = YES;
				CLANG_ENABLE_OBJC_ARC = YES;
				CLANG_ENABLE_OBJC_WEAK = YES;
				CLANG_WARN_BLOCK_CAPTURE_AUTORELEASING = YES;
				CLANG_WARN_BOOL_CONVERSION = YES;
				CLANG_WARN_COMMA = YES;
				CLANG_WARN_CONSTANT_CONVERSION = YES;
				CLANG_WARN_DEPRECATED_OBJC_IMPLEMENTATIONS = YES;
				CLANG_WARN_DIRECT_OBJC_ISA_USAGE = YES_ERROR;
				CLANG_WARN_DOCUMENTATION_COMMENTS = YES;
				CLANG_WARN_EMPTY_BODY = YES;
				CLANG_WARN_ENUM_CONVERSION = YES;
				CLANG_WARN_INFINITE_RECURSION = YES;
				CLANG_WARN_INT_CONVERSION = YES;
				CLANG_WARN_NON_LITERAL_NULL_CONVERSION = YES;
				CLANG_WARN_OBJC_IMPLICIT_RETAIN_SELF = YES;
				CLANG_WARN_OBJC_LITERAL_CONVERSION = YES;
				CLANG_WARN_OBJC_ROOT_CLASS = YES_ERROR;
				CLANG_WARN_RANGE_LOOP_ANALYSIS = YES;
				CLANG_WARN_STRICT_PROTOTYPES = YES;
				CLANG_WARN_SUSPICIOUS_MOVE = YES;
				CLANG_WARN_UNGUARDED_AVAILABILITY = YES_AGGRESSIVE;
				CLANG_WARN_UNREACHABLE_CODE = YES;
				CLANG_WARN__DUPLICATE_METHOD_MATCH = YES;
				CODE_SIGN_IDENTITY = "iPhone Developer";
				COPY_PHASE_STRIP = NO;
				DEBUG_INFORMATION_FORMAT = "dwarf-with-dsym";
				ENABLE_NS_ASSERTIONS = NO;
				ENABLE_STRICT_OBJC_MSGSEND = YES;
				GCC_C_LANGUAGE_STANDARD = gnu11;
				GCC_NO_COMMON_BLOCKS = YES;
				GCC_WARN_64_TO_32_BIT_CONVERSION = YES;
				GCC_WARN_ABOUT_RETURN_TYPE = YES_ERROR;
				GCC_WARN_UNDECLARED_SELECTOR = YES;
				GCC_WARN_UNINITIALIZED_AUTOS = YES_AGGRESSIVE;
				GCC_WARN_UNUSED_FUNCTION = YES;
				GCC_WARN_UNUSED_VARIABLE = YES;
				IPHONEOS_DEPLOYMENT_TARGET = 11.4;
				MTL_ENABLE_DEBUG_INFO = NO;
				SDKROOT = iphoneos;
				SWIFT_COMPILATION_MODE = wholemodule;
				SWIFT_OPTIMIZATION_LEVEL = "-O";
				VALIDATE_PRODUCT = YES;
			};
			name = Release;
		};
		038FFC4020D4235500E1BF62 /* Debug */ = {
			isa = XCBuildConfiguration;
			baseConfigurationReference = 1E7A0894D3383CA88CA66E49 /* Pods-Todoey.debug.xcconfig */;
			buildSettings = {
				ASSETCATALOG_COMPILER_APPICON_NAME = AppIcon;
				CODE_SIGN_STYLE = Automatic;
				DEVELOPMENT_TEAM = 995Q2PMJ86;
				INFOPLIST_FILE = Todoey/Info.plist;
				LD_RUNPATH_SEARCH_PATHS = (
					"$(inherited)",
					"@executable_path/Frameworks",
				);
				PRODUCT_BUNDLE_IDENTIFIER = com.Josh.Todoey;
				PRODUCT_NAME = "$(TARGET_NAME)";
				SWIFT_VERSION = 4.0;
				TARGETED_DEVICE_FAMILY = "1,2";
			};
			name = Debug;
		};
		038FFC4120D4235500E1BF62 /* Release */ = {
			isa = XCBuildConfiguration;
			baseConfigurationReference = 4E38F761055191A9EBB398C4 /* Pods-Todoey.release.xcconfig */;
			buildSettings = {
				ASSETCATALOG_COMPILER_APPICON_NAME = AppIcon;
				CODE_SIGN_STYLE = Automatic;
				DEVELOPMENT_TEAM = 995Q2PMJ86;
				INFOPLIST_FILE = Todoey/Info.plist;
				LD_RUNPATH_SEARCH_PATHS = (
					"$(inherited)",
					"@executable_path/Frameworks",
				);
				PRODUCT_BUNDLE_IDENTIFIER = com.Josh.Todoey;
				PRODUCT_NAME = "$(TARGET_NAME)";
				SWIFT_VERSION = 4.0;
				TARGETED_DEVICE_FAMILY = "1,2";
			};
			name = Release;
		};
/* End XCBuildConfiguration section */

/* Begin XCConfigurationList section */
		038FFC2820D4235400E1BF62 /* Build configuration list for PBXProject "Todoey" */ = {
			isa = XCConfigurationList;
			buildConfigurations = (
				038FFC3D20D4235500E1BF62 /* Debug */,
				038FFC3E20D4235500E1BF62 /* Release */,
			);
			defaultConfigurationIsVisible = 0;
			defaultConfigurationName = Release;
		};
		038FFC3F20D4235500E1BF62 /* Build configuration list for PBXNativeTarget "Todoey" */ = {
			isa = XCConfigurationList;
			buildConfigurations = (
				038FFC4020D4235500E1BF62 /* Debug */,
				038FFC4120D4235500E1BF62 /* Release */,
			);
			defaultConfigurationIsVisible = 0;
			defaultConfigurationName = Release;
		};
/* End XCConfigurationList section */
	};
	rootObject = 038FFC2520D4235400E1BF62 /* Project object */;
}
